// !$*UTF8*$!
{
	archiveVersion = 1;
	classes = {
	};
	objectVersion = 56;
	objects = {

/* Begin PBXBuildFile section */
		B115382C2932291D0059126D /* Streaming.VideoView.swift in Sources */ = {isa = PBXBuildFile; fileRef = B11538282932291D0059126D /* Streaming.VideoView.swift */; };
		B115382D2932291D0059126D /* Streaming.NavigationBar.swift in Sources */ = {isa = PBXBuildFile; fileRef = B11538292932291D0059126D /* Streaming.NavigationBar.swift */; };
		B115382E2932291D0059126D /* Streaming.ViewController.swift in Sources */ = {isa = PBXBuildFile; fileRef = B115382A2932291D0059126D /* Streaming.ViewController.swift */; };
		B115382F2932291D0059126D /* Streaming.ButtonPanel.swift in Sources */ = {isa = PBXBuildFile; fileRef = B115382B2932291D0059126D /* Streaming.ButtonPanel.swift */; };
		B1A6292D29320C61007B85D9 /* Streaming.Assembly.swift in Sources */ = {isa = PBXBuildFile; fileRef = B1A6292C29320C61007B85D9 /* Streaming.Assembly.swift */; };
		B1A6292F29320CBB007B85D9 /* Streaming.swift in Sources */ = {isa = PBXBuildFile; fileRef = B1A6292E29320CBB007B85D9 /* Streaming.swift */; };
		B1B71FC1292FE93F00BBA983 /* AppDelegate.swift in Sources */ = {isa = PBXBuildFile; fileRef = B1B71FC0292FE93F00BBA983 /* AppDelegate.swift */; };
		B1B71FC5292FE93F00BBA983 /* ViewController.swift in Sources */ = {isa = PBXBuildFile; fileRef = B1B71FC4292FE93F00BBA983 /* ViewController.swift */; };
		B1B71FC8292FE93F00BBA983 /* Main.storyboard in Resources */ = {isa = PBXBuildFile; fileRef = B1B71FC6292FE93F00BBA983 /* Main.storyboard */; };
		B1B71FCA292FE93F00BBA983 /* Assets.xcassets in Resources */ = {isa = PBXBuildFile; fileRef = B1B71FC9292FE93F00BBA983 /* Assets.xcassets */; };
		B1B71FCD292FE93F00BBA983 /* LaunchScreen.storyboard in Resources */ = {isa = PBXBuildFile; fileRef = B1B71FCB292FE93F00BBA983 /* LaunchScreen.storyboard */; };
		B1B71FDB2930CE6400BBA983 /* NumberView.swift in Sources */ = {isa = PBXBuildFile; fileRef = B1B71FDA2930CE6400BBA983 /* NumberView.swift */; };
		B1B71FDE2930D0F700BBA983 /* UIKit+FastInit.swift in Sources */ = {isa = PBXBuildFile; fileRef = B1B71FDD2930D0F700BBA983 /* UIKit+FastInit.swift */; };
		B1B71FE22930D3BA00BBA983 /* CircleButton.swift in Sources */ = {isa = PBXBuildFile; fileRef = B1B71FE12930D3BA00BBA983 /* CircleButton.swift */; };
		B1B71FE42930DFC800BBA983 /* Streaming.ViewModel.swift in Sources */ = {isa = PBXBuildFile; fileRef = B1B71FE32930DFC800BBA983 /* Streaming.ViewModel.swift */; };
		B1B71FE62930F7E100BBA983 /* Streaming.Provider.swift in Sources */ = {isa = PBXBuildFile; fileRef = B1B71FE52930F7E100BBA983 /* Streaming.Provider.swift */; };
/* End PBXBuildFile section */

/* Begin PBXFileReference section */
		B11538282932291D0059126D /* Streaming.VideoView.swift */ = {isa = PBXFileReference; fileEncoding = 4; lastKnownFileType = sourcecode.swift; path = Streaming.VideoView.swift; sourceTree = "<group>"; };
		B11538292932291D0059126D /* Streaming.NavigationBar.swift */ = {isa = PBXFileReference; fileEncoding = 4; lastKnownFileType = sourcecode.swift; path = Streaming.NavigationBar.swift; sourceTree = "<group>"; };
		B115382A2932291D0059126D /* Streaming.ViewController.swift */ = {isa = PBXFileReference; fileEncoding = 4; lastKnownFileType = sourcecode.swift; path = Streaming.ViewController.swift; sourceTree = "<group>"; };
		B115382B2932291D0059126D /* Streaming.ButtonPanel.swift */ = {isa = PBXFileReference; fileEncoding = 4; lastKnownFileType = sourcecode.swift; path = Streaming.ButtonPanel.swift; sourceTree = "<group>"; };
		B1A6292C29320C61007B85D9 /* Streaming.Assembly.swift */ = {isa = PBXFileReference; lastKnownFileType = sourcecode.swift; path = Streaming.Assembly.swift; sourceTree = "<group>"; };
		B1A6292E29320CBB007B85D9 /* Streaming.swift */ = {isa = PBXFileReference; lastKnownFileType = sourcecode.swift; path = Streaming.swift; sourceTree = "<group>"; };
		B1B71FBD292FE93F00BBA983 /* TelegramStreaming.app */ = {isa = PBXFileReference; explicitFileType = wrapper.application; includeInIndex = 0; path = TelegramStreaming.app; sourceTree = BUILT_PRODUCTS_DIR; };
		B1B71FC0292FE93F00BBA983 /* AppDelegate.swift */ = {isa = PBXFileReference; lastKnownFileType = sourcecode.swift; path = AppDelegate.swift; sourceTree = "<group>"; };
		B1B71FC4292FE93F00BBA983 /* ViewController.swift */ = {isa = PBXFileReference; lastKnownFileType = sourcecode.swift; path = ViewController.swift; sourceTree = "<group>"; };
		B1B71FC7292FE93F00BBA983 /* Base */ = {isa = PBXFileReference; lastKnownFileType = file.storyboard; name = Base; path = Base.lproj/Main.storyboard; sourceTree = "<group>"; };
		B1B71FC9292FE93F00BBA983 /* Assets.xcassets */ = {isa = PBXFileReference; lastKnownFileType = folder.assetcatalog; path = Assets.xcassets; sourceTree = "<group>"; };
		B1B71FCC292FE93F00BBA983 /* Base */ = {isa = PBXFileReference; lastKnownFileType = file.storyboard; name = Base; path = Base.lproj/LaunchScreen.storyboard; sourceTree = "<group>"; };
		B1B71FCE292FE93F00BBA983 /* Info.plist */ = {isa = PBXFileReference; lastKnownFileType = text.plist.xml; path = Info.plist; sourceTree = "<group>"; };
		B1B71FDA2930CE6400BBA983 /* NumberView.swift */ = {isa = PBXFileReference; lastKnownFileType = sourcecode.swift; path = NumberView.swift; sourceTree = "<group>"; };
		B1B71FDD2930D0F700BBA983 /* UIKit+FastInit.swift */ = {isa = PBXFileReference; fileEncoding = 4; lastKnownFileType = sourcecode.swift; path = "UIKit+FastInit.swift"; sourceTree = "<group>"; };
		B1B71FE12930D3BA00BBA983 /* CircleButton.swift */ = {isa = PBXFileReference; lastKnownFileType = sourcecode.swift; path = CircleButton.swift; sourceTree = "<group>"; };
		B1B71FE32930DFC800BBA983 /* Streaming.ViewModel.swift */ = {isa = PBXFileReference; lastKnownFileType = sourcecode.swift; path = Streaming.ViewModel.swift; sourceTree = "<group>"; };
		B1B71FE52930F7E100BBA983 /* Streaming.Provider.swift */ = {isa = PBXFileReference; lastKnownFileType = sourcecode.swift; path = Streaming.Provider.swift; sourceTree = "<group>"; };
/* End PBXFileReference section */

/* Begin PBXFrameworksBuildPhase section */
		B1B71FBA292FE93F00BBA983 /* Frameworks */ = {
			isa = PBXFrameworksBuildPhase;
			buildActionMask = 2147483647;
			files = (
			);
			runOnlyForDeploymentPostprocessing = 0;
		};
/* End PBXFrameworksBuildPhase section */

/* Begin PBXGroup section */
		B11538272932291D0059126D /* UI */ = {
			isa = PBXGroup;
			children = (
				B115382A2932291D0059126D /* Streaming.ViewController.swift */,
				B11538282932291D0059126D /* Streaming.VideoView.swift */,
				B11538292932291D0059126D /* Streaming.NavigationBar.swift */,
				B115382B2932291D0059126D /* Streaming.ButtonPanel.swift */,
			);
			path = UI;
			sourceTree = "<group>";
		};
		B1A6293129320F13007B85D9 /* Components */ = {
			isa = PBXGroup;
			children = (
				B1B71FDA2930CE6400BBA983 /* NumberView.swift */,
				B1B71FE12930D3BA00BBA983 /* CircleButton.swift */,
			);
			path = Components;
			sourceTree = "<group>";
		};
		B1B71FB4292FE93F00BBA983 = {
			isa = PBXGroup;
			children = (
				B1B71FBF292FE93F00BBA983 /* TelegramStreaming */,
				B1B71FBE292FE93F00BBA983 /* Products */,
			);
			sourceTree = "<group>";
		};
		B1B71FBE292FE93F00BBA983 /* Products */ = {
			isa = PBXGroup;
			children = (
				B1B71FBD292FE93F00BBA983 /* TelegramStreaming.app */,
			);
			name = Products;
			sourceTree = "<group>";
		};
		B1B71FBF292FE93F00BBA983 /* TelegramStreaming */ = {
			isa = PBXGroup;
			children = (
				B1B71FC0292FE93F00BBA983 /* AppDelegate.swift */,
				B1B71FC4292FE93F00BBA983 /* ViewController.swift */,
				B1B71FDC2930D0F700BBA983 /* Helpers */,
				B1B71FD4292FF7A000BBA983 /* Streaming */,
				B1B71FC6292FE93F00BBA983 /* Main.storyboard */,
				B1B71FC9292FE93F00BBA983 /* Assets.xcassets */,
				B1B71FCB292FE93F00BBA983 /* LaunchScreen.storyboard */,
				B1B71FCE292FE93F00BBA983 /* Info.plist */,
			);
			path = TelegramStreaming;
			sourceTree = "<group>";
		};
		B1B71FD4292FF7A000BBA983 /* Streaming */ = {
			isa = PBXGroup;
			children = (
				B11538272932291D0059126D /* UI */,
				B1A6293129320F13007B85D9 /* Components */,
				B1A6292E29320CBB007B85D9 /* Streaming.swift */,
				B1A6292C29320C61007B85D9 /* Streaming.Assembly.swift */,
				B1B71FE32930DFC800BBA983 /* Streaming.ViewModel.swift */,
				B1B71FE52930F7E100BBA983 /* Streaming.Provider.swift */,
			);
			path = Streaming;
			sourceTree = "<group>";
		};
		B1B71FDC2930D0F700BBA983 /* Helpers */ = {
			isa = PBXGroup;
			children = (
				B1B71FDD2930D0F700BBA983 /* UIKit+FastInit.swift */,
			);
			path = Helpers;
			sourceTree = "<group>";
		};
/* End PBXGroup section */

/* Begin PBXNativeTarget section */
		B1B71FBC292FE93F00BBA983 /* TelegramStreaming */ = {
			isa = PBXNativeTarget;
			buildConfigurationList = B1B71FD1292FE93F00BBA983 /* Build configuration list for PBXNativeTarget "TelegramStreaming" */;
			buildPhases = (
				B1B71FB9292FE93F00BBA983 /* Sources */,
				B1B71FBA292FE93F00BBA983 /* Frameworks */,
				B1B71FBB292FE93F00BBA983 /* Resources */,
			);
			buildRules = (
			);
			dependencies = (
			);
			name = TelegramStreaming;
			productName = TelegramStreaming;
			productReference = B1B71FBD292FE93F00BBA983 /* TelegramStreaming.app */;
			productType = "com.apple.product-type.application";
		};
/* End PBXNativeTarget section */

/* Begin PBXProject section */
		B1B71FB5292FE93F00BBA983 /* Project object */ = {
			isa = PBXProject;
			attributes = {
				BuildIndependentTargetsInParallel = 1;
				LastSwiftUpdateCheck = 1400;
				LastUpgradeCheck = 1400;
				TargetAttributes = {
					B1B71FBC292FE93F00BBA983 = {
						CreatedOnToolsVersion = 14.0;
					};
				};
			};
			buildConfigurationList = B1B71FB8292FE93F00BBA983 /* Build configuration list for PBXProject "TelegramStreaming" */;
			compatibilityVersion = "Xcode 14.0";
			developmentRegion = en;
			hasScannedForEncodings = 0;
			knownRegions = (
				en,
				Base,
			);
			mainGroup = B1B71FB4292FE93F00BBA983;
			productRefGroup = B1B71FBE292FE93F00BBA983 /* Products */;
			projectDirPath = "";
			projectRoot = "";
			targets = (
				B1B71FBC292FE93F00BBA983 /* TelegramStreaming */,
			);
		};
/* End PBXProject section */

/* Begin PBXResourcesBuildPhase section */
		B1B71FBB292FE93F00BBA983 /* Resources */ = {
			isa = PBXResourcesBuildPhase;
			buildActionMask = 2147483647;
			files = (
				B1B71FCD292FE93F00BBA983 /* LaunchScreen.storyboard in Resources */,
				B1B71FCA292FE93F00BBA983 /* Assets.xcassets in Resources */,
				B1B71FC8292FE93F00BBA983 /* Main.storyboard in Resources */,
			);
			runOnlyForDeploymentPostprocessing = 0;
		};
/* End PBXResourcesBuildPhase section */

/* Begin PBXSourcesBuildPhase section */
		B1B71FB9292FE93F00BBA983 /* Sources */ = {
			isa = PBXSourcesBuildPhase;
			buildActionMask = 2147483647;
			files = (
				B1B71FC5292FE93F00BBA983 /* ViewController.swift in Sources */,
				B1B71FC1292FE93F00BBA983 /* AppDelegate.swift in Sources */,
				B1B71FE22930D3BA00BBA983 /* CircleButton.swift in Sources */,
				B1B71FE42930DFC800BBA983 /* Streaming.ViewModel.swift in Sources */,
				B1A6292F29320CBB007B85D9 /* Streaming.swift in Sources */,
				B1B71FE62930F7E100BBA983 /* Streaming.Provider.swift in Sources */,
				B1A6292D29320C61007B85D9 /* Streaming.Assembly.swift in Sources */,
				B115382D2932291D0059126D /* Streaming.NavigationBar.swift in Sources */,
				B115382E2932291D0059126D /* Streaming.ViewController.swift in Sources */,
				B1B71FDE2930D0F700BBA983 /* UIKit+FastInit.swift in Sources */,
				B115382F2932291D0059126D /* Streaming.ButtonPanel.swift in Sources */,
				B115382C2932291D0059126D /* Streaming.VideoView.swift in Sources */,
				B1B71FDB2930CE6400BBA983 /* NumberView.swift in Sources */,
			);
			runOnlyForDeploymentPostprocessing = 0;
		};
/* End PBXSourcesBuildPhase section */

/* Begin PBXVariantGroup section */
		B1B71FC6292FE93F00BBA983 /* Main.storyboard */ = {
			isa = PBXVariantGroup;
			children = (
				B1B71FC7292FE93F00BBA983 /* Base */,
			);
			name = Main.storyboard;
			sourceTree = "<group>";
		};
		B1B71FCB292FE93F00BBA983 /* LaunchScreen.storyboard */ = {
			isa = PBXVariantGroup;
			children = (
				B1B71FCC292FE93F00BBA983 /* Base */,
			);
			name = LaunchScreen.storyboard;
			sourceTree = "<group>";
		};
/* End PBXVariantGroup section */

/* Begin XCBuildConfiguration section */
		B1B71FCF292FE93F00BBA983 /* Debug */ = {
			isa = XCBuildConfiguration;
			buildSettings = {
				ALWAYS_SEARCH_USER_PATHS = NO;
				CLANG_ANALYZER_NONNULL = YES;
				CLANG_ANALYZER_NUMBER_OBJECT_CONVERSION = YES_AGGRESSIVE;
				CLANG_CXX_LANGUAGE_STANDARD = "gnu++20";
				CLANG_ENABLE_MODULES = YES;
				CLANG_ENABLE_OBJC_ARC = YES;
				CLANG_ENABLE_OBJC_WEAK = YES;
				CLANG_WARN_BLOCK_CAPTURE_AUTORELEASING = YES;
				CLANG_WARN_BOOL_CONVERSION = YES;
				CLANG_WARN_COMMA = YES;
				CLANG_WARN_CONSTANT_CONVERSION = YES;
				CLANG_WARN_DEPRECATED_OBJC_IMPLEMENTATIONS = YES;
				CLANG_WARN_DIRECT_OBJC_ISA_USAGE = YES_ERROR;
				CLANG_WARN_DOCUMENTATION_COMMENTS = YES;
				CLANG_WARN_EMPTY_BODY = YES;
				CLANG_WARN_ENUM_CONVERSION = YES;
				CLANG_WARN_INFINITE_RECURSION = YES;
				CLANG_WARN_INT_CONVERSION = YES;
				CLANG_WARN_NON_LITERAL_NULL_CONVERSION = YES;
				CLANG_WARN_OBJC_IMPLICIT_RETAIN_SELF = YES;
				CLANG_WARN_OBJC_LITERAL_CONVERSION = YES;
				CLANG_WARN_OBJC_ROOT_CLASS = YES_ERROR;
				CLANG_WARN_QUOTED_INCLUDE_IN_FRAMEWORK_HEADER = YES;
				CLANG_WARN_RANGE_LOOP_ANALYSIS = YES;
				CLANG_WARN_STRICT_PROTOTYPES = YES;
				CLANG_WARN_SUSPICIOUS_MOVE = YES;
				CLANG_WARN_UNGUARDED_AVAILABILITY = YES_AGGRESSIVE;
				CLANG_WARN_UNREACHABLE_CODE = YES;
				CLANG_WARN__DUPLICATE_METHOD_MATCH = YES;
				COPY_PHASE_STRIP = NO;
				DEBUG_INFORMATION_FORMAT = dwarf;
				ENABLE_STRICT_OBJC_MSGSEND = YES;
				ENABLE_TESTABILITY = YES;
				GCC_C_LANGUAGE_STANDARD = gnu11;
				GCC_DYNAMIC_NO_PIC = NO;
				GCC_NO_COMMON_BLOCKS = YES;
				GCC_OPTIMIZATION_LEVEL = 0;
				GCC_PREPROCESSOR_DEFINITIONS = (
					"DEBUG=1",
					"$(inherited)",
				);
				GCC_WARN_64_TO_32_BIT_CONVERSION = YES;
				GCC_WARN_ABOUT_RETURN_TYPE = YES_ERROR;
				GCC_WARN_UNDECLARED_SELECTOR = YES;
				GCC_WARN_UNINITIALIZED_AUTOS = YES_AGGRESSIVE;
				GCC_WARN_UNUSED_FUNCTION = YES;
				GCC_WARN_UNUSED_VARIABLE = YES;
				IPHONEOS_DEPLOYMENT_TARGET = 16.0;
				MTL_ENABLE_DEBUG_INFO = INCLUDE_SOURCE;
				MTL_FAST_MATH = YES;
				ONLY_ACTIVE_ARCH = YES;
				SDKROOT = iphoneos;
				SWIFT_ACTIVE_COMPILATION_CONDITIONS = DEBUG;
				SWIFT_OPTIMIZATION_LEVEL = "-Onone";
			};
			name = Debug;
		};
		B1B71FD0292FE93F00BBA983 /* Release */ = {
			isa = XCBuildConfiguration;
			buildSettings = {
				ALWAYS_SEARCH_USER_PATHS = NO;
				CLANG_ANALYZER_NONNULL = YES;
				CLANG_ANALYZER_NUMBER_OBJECT_CONVERSION = YES_AGGRESSIVE;
				CLANG_CXX_LANGUAGE_STANDARD = "gnu++20";
				CLANG_ENABLE_MODULES = YES;
				CLANG_ENABLE_OBJC_ARC = YES;
				CLANG_ENABLE_OBJC_WEAK = YES;
				CLANG_WARN_BLOCK_CAPTURE_AUTORELEASING = YES;
				CLANG_WARN_BOOL_CONVERSION = YES;
				CLANG_WARN_COMMA = YES;
				CLANG_WARN_CONSTANT_CONVERSION = YES;
				CLANG_WARN_DEPRECATED_OBJC_IMPLEMENTATIONS = YES;
				CLANG_WARN_DIRECT_OBJC_ISA_USAGE = YES_ERROR;
				CLANG_WARN_DOCUMENTATION_COMMENTS = YES;
				CLANG_WARN_EMPTY_BODY = YES;
				CLANG_WARN_ENUM_CONVERSION = YES;
				CLANG_WARN_INFINITE_RECURSION = YES;
				CLANG_WARN_INT_CONVERSION = YES;
				CLANG_WARN_NON_LITERAL_NULL_CONVERSION = YES;
				CLANG_WARN_OBJC_IMPLICIT_RETAIN_SELF = YES;
				CLANG_WARN_OBJC_LITERAL_CONVERSION = YES;
				CLANG_WARN_OBJC_ROOT_CLASS = YES_ERROR;
				CLANG_WARN_QUOTED_INCLUDE_IN_FRAMEWORK_HEADER = YES;
				CLANG_WARN_RANGE_LOOP_ANALYSIS = YES;
				CLANG_WARN_STRICT_PROTOTYPES = YES;
				CLANG_WARN_SUSPICIOUS_MOVE = YES;
				CLANG_WARN_UNGUARDED_AVAILABILITY = YES_AGGRESSIVE;
				CLANG_WARN_UNREACHABLE_CODE = YES;
				CLANG_WARN__DUPLICATE_METHOD_MATCH = YES;
				COPY_PHASE_STRIP = NO;
				DEBUG_INFORMATION_FORMAT = "dwarf-with-dsym";
				ENABLE_NS_ASSERTIONS = NO;
				ENABLE_STRICT_OBJC_MSGSEND = YES;
				GCC_C_LANGUAGE_STANDARD = gnu11;
				GCC_NO_COMMON_BLOCKS = YES;
				GCC_WARN_64_TO_32_BIT_CONVERSION = YES;
				GCC_WARN_ABOUT_RETURN_TYPE = YES_ERROR;
				GCC_WARN_UNDECLARED_SELECTOR = YES;
				GCC_WARN_UNINITIALIZED_AUTOS = YES_AGGRESSIVE;
				GCC_WARN_UNUSED_FUNCTION = YES;
				GCC_WARN_UNUSED_VARIABLE = YES;
				IPHONEOS_DEPLOYMENT_TARGET = 16.0;
				MTL_ENABLE_DEBUG_INFO = NO;
				MTL_FAST_MATH = YES;
				SDKROOT = iphoneos;
				SWIFT_COMPILATION_MODE = wholemodule;
				SWIFT_OPTIMIZATION_LEVEL = "-O";
				VALIDATE_PRODUCT = YES;
			};
			name = Release;
		};
		B1B71FD2292FE93F00BBA983 /* Debug */ = {
			isa = XCBuildConfiguration;
			buildSettings = {
				ASSETCATALOG_COMPILER_APPICON_NAME = AppIcon;
				ASSETCATALOG_COMPILER_GLOBAL_ACCENT_COLOR_NAME = AccentColor;
				CODE_SIGN_STYLE = Automatic;
				CURRENT_PROJECT_VERSION = 1;
				DEVELOPMENT_TEAM = D28449VFLN;
				GENERATE_INFOPLIST_FILE = YES;
				INFOPLIST_FILE = TelegramStreaming/Info.plist;
				INFOPLIST_KEY_UIApplicationSupportsIndirectInputEvents = YES;
				INFOPLIST_KEY_UILaunchStoryboardName = LaunchScreen;
				INFOPLIST_KEY_UIMainStoryboardFile = Main;
				INFOPLIST_KEY_UISupportedInterfaceOrientations_iPad = "UIInterfaceOrientationPortrait UIInterfaceOrientationPortraitUpsideDown UIInterfaceOrientationLandscapeLeft UIInterfaceOrientationLandscapeRight";
				INFOPLIST_KEY_UISupportedInterfaceOrientations_iPhone = "UIInterfaceOrientationPortrait UIInterfaceOrientationLandscapeLeft UIInterfaceOrientationLandscapeRight";
				IPHONEOS_DEPLOYMENT_TARGET = 11.0;
				LD_RUNPATH_SEARCH_PATHS = (
					"$(inherited)",
					"@executable_path/Frameworks",
				);
				MARKETING_VERSION = 1.0;
				PRODUCT_BUNDLE_IDENTIFIER = com.urodsk.TelegramStreaming;
				PRODUCT_NAME = "$(TARGET_NAME)";
				SWIFT_EMIT_LOC_STRINGS = YES;
				SWIFT_VERSION = 5.0;
				TARGETED_DEVICE_FAMILY = "1,2";
			};
			name = Debug;
		};
		B1B71FD3292FE93F00BBA983 /* Release */ = {
			isa = XCBuildConfiguration;
			buildSettings = {
				ASSETCATALOG_COMPILER_APPICON_NAME = AppIcon;
				ASSETCATALOG_COMPILER_GLOBAL_ACCENT_COLOR_NAME = AccentColor;
				CODE_SIGN_STYLE = Automatic;
				CURRENT_PROJECT_VERSION = 1;
				DEVELOPMENT_TEAM = D28449VFLN;
				GENERATE_INFOPLIST_FILE = YES;
				INFOPLIST_FILE = TelegramStreaming/Info.plist;
				INFOPLIST_KEY_UIApplicationSupportsIndirectInputEvents = YES;
				INFOPLIST_KEY_UILaunchStoryboardName = LaunchScreen;
				INFOPLIST_KEY_UIMainStoryboardFile = Main;
				INFOPLIST_KEY_UISupportedInterfaceOrientations_iPad = "UIInterfaceOrientationPortrait UIInterfaceOrientationPortraitUpsideDown UIInterfaceOrientationLandscapeLeft UIInterfaceOrientationLandscapeRight";
				INFOPLIST_KEY_UISupportedInterfaceOrientations_iPhone = "UIInterfaceOrientationPortrait UIInterfaceOrientationLandscapeLeft UIInterfaceOrientationLandscapeRight";
				IPHONEOS_DEPLOYMENT_TARGET = 11.0;
				LD_RUNPATH_SEARCH_PATHS = (
					"$(inherited)",
					"@executable_path/Frameworks",
				);
				MARKETING_VERSION = 1.0;
				PRODUCT_BUNDLE_IDENTIFIER = com.urodsk.TelegramStreaming;
				PRODUCT_NAME = "$(TARGET_NAME)";
				SWIFT_EMIT_LOC_STRINGS = YES;
				SWIFT_VERSION = 5.0;
				TARGETED_DEVICE_FAMILY = "1,2";
			};
			name = Release;
		};
/* End XCBuildConfiguration section */

/* Begin XCConfigurationList section */
		B1B71FB8292FE93F00BBA983 /* Build configuration list for PBXProject "TelegramStreaming" */ = {
			isa = XCConfigurationList;
			buildConfigurations = (
				B1B71FCF292FE93F00BBA983 /* Debug */,
				B1B71FD0292FE93F00BBA983 /* Release */,
			);
			defaultConfigurationIsVisible = 0;
			defaultConfigurationName = Release;
		};
		B1B71FD1292FE93F00BBA983 /* Build configuration list for PBXNativeTarget "TelegramStreaming" */ = {
			isa = XCConfigurationList;
			buildConfigurations = (
				B1B71FD2292FE93F00BBA983 /* Debug */,
				B1B71FD3292FE93F00BBA983 /* Release */,
			);
			defaultConfigurationIsVisible = 0;
			defaultConfigurationName = Release;
		};
/* End XCConfigurationList section */
	};
	rootObject = B1B71FB5292FE93F00BBA983 /* Project object */;
}
